
Microsoft Visual Studio Solution File, Format Version 12.00
# Visual Studio 2012
Project("{8BC9CEB8-8B4A-11D0-8D11-00A0C91BC942}") = "game", "game.vcxproj", "{1AE50072-5938-49C2-8A6B-AC3AE02C5454}"
EndProject
Global
	GlobalSection(SolutionConfigurationPlatforms) = preSolution
		Debug|Win32 = Debug|Win32
		Release Crinkler|Win32 = Release Crinkler|Win32
		Release|Win32 = Release|Win32
	EndGlobalSection
	GlobalSection(ProjectConfigurationPlatforms) = postSolution
		{1AE50072-5938-49C2-8A6B-AC3AE02C5454}.Debug|Win32.ActiveCfg = Debug|Win32
		{1AE50072-5938-49C2-8A6B-AC3AE02C5454}.Debug|Win32.Build.0 = Debug|Win32
		{1AE50072-5938-49C2-8A6B-AC3AE02C5454}.Release Crinkler|Win32.ActiveCfg = Release Crinkler|Win32
		{1AE50072-5938-49C2-8A6B-AC3AE02C5454}.Release Crinkler|Win32.Build.0 = Release Crinkler|Win32
		{1AE50072-5938-49C2-8A6B-AC3AE02C5454}.Release|Win32.ActiveCfg = Release|Win32
		{1AE50072-5938-49C2-8A6B-AC3AE02C5454}.Release|Win32.Build.0 = Release|Win32
	EndGlobalSection
	GlobalSection(SolutionProperties) = preSolution
		HideSolutionNode = FALSE
	EndGlobalSection
EndGlobal
